
Microsoft Visual Studio Solution File, Format Version 11.00
# Visual Studio 2010
Project("{8BC9CEB8-8B4A-11D0-8D11-00A0C91BC942}") = "D3D9", "D3D9\D3D9.vcxproj", "{F24B1049-C508-448B-B5A5-786A907FA091}"
EndProject
Project("{8BC9CEB8-8B4A-11D0-8D11-00A0C91BC942}") = "SkinnedMesh", "SkinnedMesh\SkinnedMesh_2010.vcxproj", "{D3D09120-96D0-4629-88B8-122C0256058C}"
	ProjectSection(ProjectDependencies) = postProject
		{F24B1049-C508-448B-B5A5-786A907FA091} = {F24B1049-C508-448B-B5A5-786A907FA091}
	EndProjectSection
EndProject
Project("{8BC9CEB8-8B4A-11D0-8D11-00A0C91BC942}") = "_Include", "_Include\_Include.vcxproj", "{F9681CB6-1570-402A-9C36-8B765B5504D9}"
EndProject
Project("{8BC9CEB8-8B4A-11D0-8D11-00A0C91BC942}") = "ZZZ_Stalker", "ZZZ_Stalker\ZZZ_Stalker.vcxproj", "{4D12769E-D951-4E07-BE69-EAC33153F8D3}"
EndProject
Project("{8BC9CEB8-8B4A-11D0-8D11-00A0C91BC942}") = "ZZZ_ME", "ZZZ_ME\ZZZ_ME.vcxproj", "{4B8A4321-4F5C-403E-A15F-3D36D7969243}"
EndProject
Project("{8BC9CEB8-8B4A-11D0-8D11-00A0C91BC942}") = "CreateDevice", "CreateDevice\CreateDevice.vcxproj", "{0669E294-4CA3-4516-A07D-25499237605E}"
EndProject
Project("{8BC9CEB8-8B4A-11D0-8D11-00A0C91BC942}") = "ZZZ_Crysis", "ZZZ_Crysis\ZZZ_Crysis.vcxproj", "{BF3218C3-C8A1-4AD9-A1C9-92AE7CFB6720}"
EndProject
Global
	GlobalSection(SolutionConfigurationPlatforms) = preSolution
		Debug|Win32 = Debug|Win32
		Debug|x64 = Debug|x64
		Profile|Win32 = Profile|Win32
		Profile|x64 = Profile|x64
		Release|Win32 = Release|Win32
		Release|x64 = Release|x64
	EndGlobalSection
	GlobalSection(ProjectConfigurationPlatforms) = postSolution
		{F24B1049-C508-448B-B5A5-786A907FA091}.Debug|Win32.ActiveCfg = Debug|Win32
		{F24B1049-C508-448B-B5A5-786A907FA091}.Debug|Win32.Build.0 = Debug|Win32
		{F24B1049-C508-448B-B5A5-786A907FA091}.Debug|x64.ActiveCfg = Debug|Win32
		{F24B1049-C508-448B-B5A5-786A907FA091}.Profile|Win32.ActiveCfg = Release|Win32
		{F24B1049-C508-448B-B5A5-786A907FA091}.Profile|Win32.Build.0 = Release|Win32
		{F24B1049-C508-448B-B5A5-786A907FA091}.Profile|x64.ActiveCfg = Release|Win32
		{F24B1049-C508-448B-B5A5-786A907FA091}.Release|Win32.ActiveCfg = Release|Win32
		{F24B1049-C508-448B-B5A5-786A907FA091}.Release|Win32.Build.0 = Release|Win32
		{F24B1049-C508-448B-B5A5-786A907FA091}.Release|x64.ActiveCfg = Release|Win32
		{D3D09120-96D0-4629-88B8-122C0256058C}.Debug|Win32.ActiveCfg = Debug|Win32
		{D3D09120-96D0-4629-88B8-122C0256058C}.Debug|Win32.Build.0 = Debug|Win32
		{D3D09120-96D0-4629-88B8-122C0256058C}.Debug|x64.ActiveCfg = Debug|x64
		{D3D09120-96D0-4629-88B8-122C0256058C}.Debug|x64.Build.0 = Debug|x64
		{D3D09120-96D0-4629-88B8-122C0256058C}.Profile|Win32.ActiveCfg = Profile|Win32
		{D3D09120-96D0-4629-88B8-122C0256058C}.Profile|Win32.Build.0 = Profile|Win32
		{D3D09120-96D0-4629-88B8-122C0256058C}.Profile|x64.ActiveCfg = Profile|x64
		{D3D09120-96D0-4629-88B8-122C0256058C}.Profile|x64.Build.0 = Profile|x64
		{D3D09120-96D0-4629-88B8-122C0256058C}.Release|Win32.ActiveCfg = Release|Win32
		{D3D09120-96D0-4629-88B8-122C0256058C}.Release|Win32.Build.0 = Release|Win32
		{D3D09120-96D0-4629-88B8-122C0256058C}.Release|x64.ActiveCfg = Release|x64
		{D3D09120-96D0-4629-88B8-122C0256058C}.Release|x64.Build.0 = Release|x64
		{F9681CB6-1570-402A-9C36-8B765B5504D9}.Debug|Win32.ActiveCfg = Debug|Win32
		{F9681CB6-1570-402A-9C36-8B765B5504D9}.Debug|Win32.Build.0 = Debug|Win32
		{F9681CB6-1570-402A-9C36-8B765B5504D9}.Debug|x64.ActiveCfg = Debug|Win32
		{F9681CB6-1570-402A-9C36-8B765B5504D9}.Profile|Win32.ActiveCfg = Release|Win32
		{F9681CB6-1570-402A-9C36-8B765B5504D9}.Profile|Win32.Build.0 = Release|Win32
		{F9681CB6-1570-402A-9C36-8B765B5504D9}.Profile|x64.ActiveCfg = Release|Win32
		{F9681CB6-1570-402A-9C36-8B765B5504D9}.Release|Win32.ActiveCfg = Release|Win32
		{F9681CB6-1570-402A-9C36-8B765B5504D9}.Release|Win32.Build.0 = Release|Win32
		{F9681CB6-1570-402A-9C36-8B765B5504D9}.Release|x64.ActiveCfg = Release|Win32
		{4D12769E-D951-4E07-BE69-EAC33153F8D3}.Debug|Win32.ActiveCfg = Debug|Win32
		{4D12769E-D951-4E07-BE69-EAC33153F8D3}.Debug|Win32.Build.0 = Debug|Win32
		{4D12769E-D951-4E07-BE69-EAC33153F8D3}.Debug|x64.ActiveCfg = Debug|Win32
		{4D12769E-D951-4E07-BE69-EAC33153F8D3}.Profile|Win32.ActiveCfg = Release|Win32
		{4D12769E-D951-4E07-BE69-EAC33153F8D3}.Profile|Win32.Build.0 = Release|Win32
		{4D12769E-D951-4E07-BE69-EAC33153F8D3}.Profile|x64.ActiveCfg = Release|Win32
		{4D12769E-D951-4E07-BE69-EAC33153F8D3}.Release|Win32.ActiveCfg = Release|Win32
		{4D12769E-D951-4E07-BE69-EAC33153F8D3}.Release|Win32.Build.0 = Release|Win32
		{4D12769E-D951-4E07-BE69-EAC33153F8D3}.Release|x64.ActiveCfg = Release|Win32
		{4B8A4321-4F5C-403E-A15F-3D36D7969243}.Debug|Win32.ActiveCfg = Debug|Win32
		{4B8A4321-4F5C-403E-A15F-3D36D7969243}.Debug|Win32.Build.0 = Debug|Win32
		{4B8A4321-4F5C-403E-A15F-3D36D7969243}.Debug|x64.ActiveCfg = Debug|Win32
		{4B8A4321-4F5C-403E-A15F-3D36D7969243}.Profile|Win32.ActiveCfg = Release|Win32
		{4B8A4321-4F5C-403E-A15F-3D36D7969243}.Profile|Win32.Build.0 = Release|Win32
		{4B8A4321-4F5C-403E-A15F-3D36D7969243}.Profile|x64.ActiveCfg = Release|Win32
		{4B8A4321-4F5C-403E-A15F-3D36D7969243}.Release|Win32.ActiveCfg = Release|Win32
		{4B8A4321-4F5C-403E-A15F-3D36D7969243}.Release|Win32.Build.0 = Release|Win32
		{4B8A4321-4F5C-403E-A15F-3D36D7969243}.Release|x64.ActiveCfg = Release|Win32
		{0669E294-4CA3-4516-A07D-25499237605E}.Debug|Win32.ActiveCfg = Debug|Win32
		{0669E294-4CA3-4516-A07D-25499237605E}.Debug|Win32.Build.0 = Debug|Win32
		{0669E294-4CA3-4516-A07D-25499237605E}.Debug|x64.ActiveCfg = Debug|Win32
		{0669E294-4CA3-4516-A07D-25499237605E}.Profile|Win32.ActiveCfg = Release|Win32
		{0669E294-4CA3-4516-A07D-25499237605E}.Profile|Win32.Build.0 = Release|Win32
		{0669E294-4CA3-4516-A07D-25499237605E}.Profile|x64.ActiveCfg = Release|Win32
		{0669E294-4CA3-4516-A07D-25499237605E}.Release|Win32.ActiveCfg = Release|Win32
		{0669E294-4CA3-4516-A07D-25499237605E}.Release|Win32.Build.0 = Release|Win32
		{0669E294-4CA3-4516-A07D-25499237605E}.Release|x64.ActiveCfg = Release|Win32
		{BF3218C3-C8A1-4AD9-A1C9-92AE7CFB6720}.Debug|Win32.ActiveCfg = Debug|Win32
		{BF3218C3-C8A1-4AD9-A1C9-92AE7CFB6720}.Debug|Win32.Build.0 = Debug|Win32
		{BF3218C3-C8A1-4AD9-A1C9-92AE7CFB6720}.Debug|x64.ActiveCfg = Debug|Win32
		{BF3218C3-C8A1-4AD9-A1C9-92AE7CFB6720}.Profile|Win32.ActiveCfg = Release|Win32
		{BF3218C3-C8A1-4AD9-A1C9-92AE7CFB6720}.Profile|Win32.Build.0 = Release|Win32
		{BF3218C3-C8A1-4AD9-A1C9-92AE7CFB6720}.Profile|x64.ActiveCfg = Release|Win32
		{BF3218C3-C8A1-4AD9-A1C9-92AE7CFB6720}.Release|Win32.ActiveCfg = Release|Win32
		{BF3218C3-C8A1-4AD9-A1C9-92AE7CFB6720}.Release|Win32.Build.0 = Release|Win32
		{BF3218C3-C8A1-4AD9-A1C9-92AE7CFB6720}.Release|x64.ActiveCfg = Release|Win32
	EndGlobalSection
	GlobalSection(SolutionProperties) = preSolution
		HideSolutionNode = FALSE
	EndGlobalSection
EndGlobal
